
Microsoft Visual Studio Solution File, Format Version 12.00
# Visual Studio Version 17
VisualStudioVersion = 17.2.32519.379
MinimumVisualStudioVersion = 10.0.40219.1
Project("{9A19103F-16F7-4668-BE54-9A1E7A4F7556}") = "DIIS.PersonApp", "DIIS.PersonApp.csproj", "{D85A0341-6013-4186-8C41-7C1877FB49BC}"
EndProject
Global
	GlobalSection(SolutionConfigurationPlatforms) = preSolution
		Debug|Any CPU = Debug|Any CPU
		Release|Any CPU = Release|Any CPU
	EndGlobalSection
	GlobalSection(ProjectConfigurationPlatforms) = postSolution
		{D85A0341-6013-4186-8C41-7C1877FB49BC}.Debug|Any CPU.ActiveCfg = Debug|Any CPU
		{D85A0341-6013-4186-8C41-7C1877FB49BC}.Debug|Any CPU.Build.0 = Debug|Any CPU
		{D85A0341-6013-4186-8C41-7C1877FB49BC}.Release|Any CPU.ActiveCfg = Release|Any CPU
		{D85A0341-6013-4186-8C41-7C1877FB49BC}.Release|Any CPU.Build.0 = Release|Any CPU
	EndGlobalSection
	GlobalSection(SolutionProperties) = preSolution
		HideSolutionNode = FALSE
	EndGlobalSection
	GlobalSection(ExtensibilityGlobals) = postSolution
		SolutionGuid = {BC9E9B76-7AF5-446E-B18D-6EA7126E0A7D}
	EndGlobalSection
EndGlobal
